
Microsoft Visual Studio Solution File, Format Version 12.00
# Visual Studio Version 17
VisualStudioVersion = 17.13.35931.197 d17.13
MinimumVisualStudioVersion = 10.0.40219.1
Project("{FAE04EC0-301F-11D3-BF4B-00C04F79EFBC}") = "FinancialForecasting", "FinancialForecasting.csproj", "{F43B9762-D57B-46BE-9559-D6C68F559F26}"
EndProject
Global
	GlobalSection(SolutionConfigurationPlatforms) = preSolution
		Debug|Any CPU = Debug|Any CPU
		Release|Any CPU = Release|Any CPU
	EndGlobalSection
	GlobalSection(ProjectConfigurationPlatforms) = postSolution
		{F43B9762-D57B-46BE-9559-D6C68F559F26}.Debug|Any CPU.ActiveCfg = Debug|Any CPU
		{F43B9762-D57B-46BE-9559-D6C68F559F26}.Debug|Any CPU.Build.0 = Debug|Any CPU
		{F43B9762-D57B-46BE-9559-D6C68F559F26}.Release|Any CPU.ActiveCfg = Release|Any CPU
		{F43B9762-D57B-46BE-9559-D6C68F559F26}.Release|Any CPU.Build.0 = Release|Any CPU
	EndGlobalSection
	GlobalSection(SolutionProperties) = preSolution
		HideSolutionNode = FALSE
	EndGlobalSection
	GlobalSection(ExtensibilityGlobals) = postSolution
		SolutionGuid = {36620564-F871-4438-A316-2BA8DE2E85EC}
	EndGlobalSection
EndGlobal
